
Microsoft Visual Studio Solution File, Format Version 12.00
# Visual Studio Version 16
VisualStudioVersion = 16.0.30804.86
MinimumVisualStudioVersion = 10.0.40219.1
Project("{FAE04EC0-301F-11D3-BF4B-00C04F79EFBC}") = "Helloword", "SS1\Helloword.csproj", "{EB147F87-16A0-47DC-BACD-114213B9FB49}"
EndProject
Project("{2150E333-8FDC-42A3-9474-1A3956D46DE8}") = "SS1", "SS1", "{0CC71DD3-22E5-4DEE-AD65-23468526DC21}"
EndProject
Project("{2150E333-8FDC-42A3-9474-1A3956D46DE8}") = "SS2", "SS2", "{BD3ECDCC-B9D3-4C9E-AC30-B1913FAC17AB}"
EndProject
Project("{FAE04EC0-301F-11D3-BF4B-00C04F79EFBC}") = "Snippet3", "SS2\Snippet3\Snippet3.csproj", "{133B2059-EA46-4251-81BB-5EDC2B3FDEA4}"
EndProject
Project("{FAE04EC0-301F-11D3-BF4B-00C04F79EFBC}") = "Snippet1", "SS2\Snippet1\Snippet1.csproj", "{0003E5BC-ED31-4515-B5A1-028639A46222}"
EndProject
Project("{FAE04EC0-301F-11D3-BF4B-00C04F79EFBC}") = "Snippet4", "SS2\Snippet4\Snippet4.csproj", "{20C9B15C-DDAE-4482-B6AF-D0B95224BCFD}"
EndProject
Project("{FAE04EC0-301F-11D3-BF4B-00C04F79EFBC}") = "Snippet5", "SS2\Snippet5\Snippet5.csproj", "{CD4D1DD9-7635-4DFB-B1B7-960A2074EB92}"
EndProject
Project("{FAE04EC0-301F-11D3-BF4B-00C04F79EFBC}") = "Snippet2", "SS2\Snippet2\Snippet2.csproj", "{054ACCBE-A1F1-487A-9F68-11331DB0D548}"
EndProject
Project("{FAE04EC0-301F-11D3-BF4B-00C04F79EFBC}") = "Snippet6", "SS2\Snippet6\Snippet6.csproj", "{C851B60A-F72E-49A6-8486-337BAD473EB9}"
EndProject
Project("{FAE04EC0-301F-11D3-BF4B-00C04F79EFBC}") = "Snippet7", "SS2\Snippet7\Snippet7.csproj", "{D161E069-5CEC-404E-8302-EE030AD3146A}"
EndProject
Global
	GlobalSection(SolutionConfigurationPlatforms) = preSolution
		Debug|Any CPU = Debug|Any CPU
		Release|Any CPU = Release|Any CPU
	EndGlobalSection
	GlobalSection(ProjectConfigurationPlatforms) = postSolution
		{EB147F87-16A0-47DC-BACD-114213B9FB49}.Debug|Any CPU.ActiveCfg = Debug|Any CPU
		{EB147F87-16A0-47DC-BACD-114213B9FB49}.Debug|Any CPU.Build.0 = Debug|Any CPU
		{EB147F87-16A0-47DC-BACD-114213B9FB49}.Release|Any CPU.ActiveCfg = Release|Any CPU
		{EB147F87-16A0-47DC-BACD-114213B9FB49}.Release|Any CPU.Build.0 = Release|Any CPU
		{133B2059-EA46-4251-81BB-5EDC2B3FDEA4}.Debug|Any CPU.ActiveCfg = Debug|Any CPU
		{133B2059-EA46-4251-81BB-5EDC2B3FDEA4}.Debug|Any CPU.Build.0 = Debug|Any CPU
		{133B2059-EA46-4251-81BB-5EDC2B3FDEA4}.Release|Any CPU.ActiveCfg = Release|Any CPU
		{133B2059-EA46-4251-81BB-5EDC2B3FDEA4}.Release|Any CPU.Build.0 = Release|Any CPU
		{0003E5BC-ED31-4515-B5A1-028639A46222}.Debug|Any CPU.ActiveCfg = Debug|Any CPU
		{0003E5BC-ED31-4515-B5A1-028639A46222}.Debug|Any CPU.Build.0 = Debug|Any CPU
		{0003E5BC-ED31-4515-B5A1-028639A46222}.Release|Any CPU.ActiveCfg = Release|Any CPU
		{0003E5BC-ED31-4515-B5A1-028639A46222}.Release|Any CPU.Build.0 = Release|Any CPU
		{20C9B15C-DDAE-4482-B6AF-D0B95224BCFD}.Debug|Any CPU.ActiveCfg = Debug|Any CPU
		{20C9B15C-DDAE-4482-B6AF-D0B95224BCFD}.Debug|Any CPU.Build.0 = Debug|Any CPU
		{20C9B15C-DDAE-4482-B6AF-D0B95224BCFD}.Release|Any CPU.ActiveCfg = Release|Any CPU
		{20C9B15C-DDAE-4482-B6AF-D0B95224BCFD}.Release|Any CPU.Build.0 = Release|Any CPU
		{CD4D1DD9-7635-4DFB-B1B7-960A2074EB92}.Debug|Any CPU.ActiveCfg = Debug|Any CPU
		{CD4D1DD9-7635-4DFB-B1B7-960A2074EB92}.Debug|Any CPU.Build.0 = Debug|Any CPU
		{CD4D1DD9-7635-4DFB-B1B7-960A2074EB92}.Release|Any CPU.ActiveCfg = Release|Any CPU
		{CD4D1DD9-7635-4DFB-B1B7-960A2074EB92}.Release|Any CPU.Build.0 = Release|Any CPU
		{054ACCBE-A1F1-487A-9F68-11331DB0D548}.Debug|Any CPU.ActiveCfg = Debug|Any CPU
		{054ACCBE-A1F1-487A-9F68-11331DB0D548}.Debug|Any CPU.Build.0 = Debug|Any CPU
		{054ACCBE-A1F1-487A-9F68-11331DB0D548}.Release|Any CPU.ActiveCfg = Release|Any CPU
		{054ACCBE-A1F1-487A-9F68-11331DB0D548}.Release|Any CPU.Build.0 = Release|Any CPU
		{C851B60A-F72E-49A6-8486-337BAD473EB9}.Debug|Any CPU.ActiveCfg = Debug|Any CPU
		{C851B60A-F72E-49A6-8486-337BAD473EB9}.Debug|Any CPU.Build.0 = Debug|Any CPU
		{C851B60A-F72E-49A6-8486-337BAD473EB9}.Release|Any CPU.ActiveCfg = Release|Any CPU
		{C851B60A-F72E-49A6-8486-337BAD473EB9}.Release|Any CPU.Build.0 = Release|Any CPU
		{D161E069-5CEC-404E-8302-EE030AD3146A}.Debug|Any CPU.ActiveCfg = Debug|Any CPU
		{D161E069-5CEC-404E-8302-EE030AD3146A}.Debug|Any CPU.Build.0 = Debug|Any CPU
		{D161E069-5CEC-404E-8302-EE030AD3146A}.Release|Any CPU.ActiveCfg = Release|Any CPU
		{D161E069-5CEC-404E-8302-EE030AD3146A}.Release|Any CPU.Build.0 = Release|Any CPU
	EndGlobalSection
	GlobalSection(SolutionProperties) = preSolution
		HideSolutionNode = FALSE
	EndGlobalSection
	GlobalSection(NestedProjects) = preSolution
		{EB147F87-16A0-47DC-BACD-114213B9FB49} = {0CC71DD3-22E5-4DEE-AD65-23468526DC21}
		{133B2059-EA46-4251-81BB-5EDC2B3FDEA4} = {BD3ECDCC-B9D3-4C9E-AC30-B1913FAC17AB}
		{0003E5BC-ED31-4515-B5A1-028639A46222} = {BD3ECDCC-B9D3-4C9E-AC30-B1913FAC17AB}
		{20C9B15C-DDAE-4482-B6AF-D0B95224BCFD} = {BD3ECDCC-B9D3-4C9E-AC30-B1913FAC17AB}
		{CD4D1DD9-7635-4DFB-B1B7-960A2074EB92} = {BD3ECDCC-B9D3-4C9E-AC30-B1913FAC17AB}
		{054ACCBE-A1F1-487A-9F68-11331DB0D548} = {BD3ECDCC-B9D3-4C9E-AC30-B1913FAC17AB}
		{C851B60A-F72E-49A6-8486-337BAD473EB9} = {BD3ECDCC-B9D3-4C9E-AC30-B1913FAC17AB}
		{D161E069-5CEC-404E-8302-EE030AD3146A} = {BD3ECDCC-B9D3-4C9E-AC30-B1913FAC17AB}
	EndGlobalSection
	GlobalSection(ExtensibilityGlobals) = postSolution
		SolutionGuid = {CD5A5F07-6B79-43D5-B6BB-1C3783A51CDB}
	EndGlobalSection
EndGlobal
