
Microsoft Visual Studio Solution File, Format Version 12.00
# Visual Studio Version 16
VisualStudioVersion = 16.0.30804.86
MinimumVisualStudioVersion = 10.0.40219.1
Project("{FAE04EC0-301F-11D3-BF4B-00C04F79EFBC}") = "Helloword", "SS1\Helloword.csproj", "{EB147F87-16A0-47DC-BACD-114213B9FB49}"
EndProject
Project("{2150E333-8FDC-42A3-9474-1A3956D46DE8}") = "SS1", "SS1", "{0CC71DD3-22E5-4DEE-AD65-23468526DC21}"
EndProject
Project("{2150E333-8FDC-42A3-9474-1A3956D46DE8}") = "SS2", "SS2", "{BD3ECDCC-B9D3-4C9E-AC30-B1913FAC17AB}"
EndProject
Project("{FAE04EC0-301F-11D3-BF4B-00C04F79EFBC}") = "Snippet03", "SS2\Snippet3\Snippet03.csproj", "{133B2059-EA46-4251-81BB-5EDC2B3FDEA4}"
EndProject
Project("{FAE04EC0-301F-11D3-BF4B-00C04F79EFBC}") = "Snippet01", "SS2\Snippet1\Snippet01.csproj", "{0003E5BC-ED31-4515-B5A1-028639A46222}"
EndProject
Project("{FAE04EC0-301F-11D3-BF4B-00C04F79EFBC}") = "Snippet04", "SS2\Snippet4\Snippet04.csproj", "{20C9B15C-DDAE-4482-B6AF-D0B95224BCFD}"
EndProject
Project("{FAE04EC0-301F-11D3-BF4B-00C04F79EFBC}") = "Snippet05", "SS2\Snippet5\Snippet05.csproj", "{CD4D1DD9-7635-4DFB-B1B7-960A2074EB92}"
EndProject
Project("{FAE04EC0-301F-11D3-BF4B-00C04F79EFBC}") = "Snippet02", "SS2\Snippet2\Snippet02.csproj", "{054ACCBE-A1F1-487A-9F68-11331DB0D548}"
EndProject
Project("{FAE04EC0-301F-11D3-BF4B-00C04F79EFBC}") = "Snippet06", "SS2\Snippet6\Snippet06.csproj", "{C851B60A-F72E-49A6-8486-337BAD473EB9}"
EndProject
Project("{FAE04EC0-301F-11D3-BF4B-00C04F79EFBC}") = "Snippet07", "SS2\Snippet7\Snippet07.csproj", "{D161E069-5CEC-404E-8302-EE030AD3146A}"
EndProject
Project("{FAE04EC0-301F-11D3-BF4B-00C04F79EFBC}") = "Snippet08", "SS2\Snippet8\Snippet08.csproj", "{EB1197E3-AE31-40CE-A792-2168A01EA039}"
EndProject
Project("{FAE04EC0-301F-11D3-BF4B-00C04F79EFBC}") = "Snippet09", "SS2\Snippet09\Snippet09.csproj", "{A3E30DC3-7930-4199-82E4-52874726DF34}"
EndProject
Project("{FAE04EC0-301F-11D3-BF4B-00C04F79EFBC}") = "Snippet10", "SS2\Snippet10\Snippet10.csproj", "{4885D49A-5F09-4659-828B-5F0F510D1138}"
EndProject
Project("{FAE04EC0-301F-11D3-BF4B-00C04F79EFBC}") = "Snippet11", "SS2\Snippet11\Snippet11.csproj", "{2FE74C3B-2D37-4AC6-8227-375587173F17}"
EndProject
Project("{FAE04EC0-301F-11D3-BF4B-00C04F79EFBC}") = "Snippet12", "SS2\Snippet12\Snippet12.csproj", "{E2C9EED3-3B7B-4318-940C-A5C3812A5594}"
EndProject
Project("{FAE04EC0-301F-11D3-BF4B-00C04F79EFBC}") = "Snippet13", "SS2\Snippet13\Snippet13.csproj", "{3BA7349B-3D8D-4090-8C75-CFC420670EE4}"
EndProject
Project("{FAE04EC0-301F-11D3-BF4B-00C04F79EFBC}") = "Snippet14", "SS2\Snippet14\Snippet14.csproj", "{355605A7-76F2-44FC-A358-9E0BB961751A}"
EndProject
Project("{FAE04EC0-301F-11D3-BF4B-00C04F79EFBC}") = "Snippet15", "SS2\Snippet15\Snippet15.csproj", "{9F12E74E-E87E-48F6-9BD3-2D34CE3094CD}"
EndProject
Project("{FAE04EC0-301F-11D3-BF4B-00C04F79EFBC}") = "Snippet16", "SS2\Snippet16\Snippet16.csproj", "{FC129F59-6971-4BD8-8DFE-F9209ABCF690}"
EndProject
Project("{FAE04EC0-301F-11D3-BF4B-00C04F79EFBC}") = "Snippet17", "SS2\Snippet17\Snippet17.csproj", "{432C806A-1425-4DB6-A466-D73FDE6E4F22}"
EndProject
Project("{FAE04EC0-301F-11D3-BF4B-00C04F79EFBC}") = "Snippet18", "SS2\Snippet18\Snippet18.csproj", "{B76FFC44-F736-4334-B440-10D04C87F37C}"
EndProject
Project("{FAE04EC0-301F-11D3-BF4B-00C04F79EFBC}") = "Snippet19", "SS2\Snippet19\Snippet19.csproj", "{304741BF-4202-49C9-A038-736410D46F14}"
EndProject
Project("{FAE04EC0-301F-11D3-BF4B-00C04F79EFBC}") = "Snippet20", "SS2\Snippet20\Snippet20.csproj", "{B3258117-654A-4EC7-938A-497DA4F84D69}"
EndProject
Project("{FAE04EC0-301F-11D3-BF4B-00C04F79EFBC}") = "Snippet21", "SS2\Snippet21\Snippet21.csproj", "{0FE6B242-8662-4090-92C6-066235132D0F}"
EndProject
Global
	GlobalSection(SolutionConfigurationPlatforms) = preSolution
		Debug|Any CPU = Debug|Any CPU
		Release|Any CPU = Release|Any CPU
	EndGlobalSection
	GlobalSection(ProjectConfigurationPlatforms) = postSolution
		{EB147F87-16A0-47DC-BACD-114213B9FB49}.Debug|Any CPU.ActiveCfg = Debug|Any CPU
		{EB147F87-16A0-47DC-BACD-114213B9FB49}.Debug|Any CPU.Build.0 = Debug|Any CPU
		{EB147F87-16A0-47DC-BACD-114213B9FB49}.Release|Any CPU.ActiveCfg = Release|Any CPU
		{EB147F87-16A0-47DC-BACD-114213B9FB49}.Release|Any CPU.Build.0 = Release|Any CPU
		{133B2059-EA46-4251-81BB-5EDC2B3FDEA4}.Debug|Any CPU.ActiveCfg = Debug|Any CPU
		{133B2059-EA46-4251-81BB-5EDC2B3FDEA4}.Debug|Any CPU.Build.0 = Debug|Any CPU
		{133B2059-EA46-4251-81BB-5EDC2B3FDEA4}.Release|Any CPU.ActiveCfg = Release|Any CPU
		{133B2059-EA46-4251-81BB-5EDC2B3FDEA4}.Release|Any CPU.Build.0 = Release|Any CPU
		{0003E5BC-ED31-4515-B5A1-028639A46222}.Debug|Any CPU.ActiveCfg = Debug|Any CPU
		{0003E5BC-ED31-4515-B5A1-028639A46222}.Debug|Any CPU.Build.0 = Debug|Any CPU
		{0003E5BC-ED31-4515-B5A1-028639A46222}.Release|Any CPU.ActiveCfg = Release|Any CPU
		{0003E5BC-ED31-4515-B5A1-028639A46222}.Release|Any CPU.Build.0 = Release|Any CPU
		{20C9B15C-DDAE-4482-B6AF-D0B95224BCFD}.Debug|Any CPU.ActiveCfg = Debug|Any CPU
		{20C9B15C-DDAE-4482-B6AF-D0B95224BCFD}.Debug|Any CPU.Build.0 = Debug|Any CPU
		{20C9B15C-DDAE-4482-B6AF-D0B95224BCFD}.Release|Any CPU.ActiveCfg = Release|Any CPU
		{20C9B15C-DDAE-4482-B6AF-D0B95224BCFD}.Release|Any CPU.Build.0 = Release|Any CPU
		{CD4D1DD9-7635-4DFB-B1B7-960A2074EB92}.Debug|Any CPU.ActiveCfg = Debug|Any CPU
		{CD4D1DD9-7635-4DFB-B1B7-960A2074EB92}.Debug|Any CPU.Build.0 = Debug|Any CPU
		{CD4D1DD9-7635-4DFB-B1B7-960A2074EB92}.Release|Any CPU.ActiveCfg = Release|Any CPU
		{CD4D1DD9-7635-4DFB-B1B7-960A2074EB92}.Release|Any CPU.Build.0 = Release|Any CPU
		{054ACCBE-A1F1-487A-9F68-11331DB0D548}.Debug|Any CPU.ActiveCfg = Debug|Any CPU
		{054ACCBE-A1F1-487A-9F68-11331DB0D548}.Debug|Any CPU.Build.0 = Debug|Any CPU
		{054ACCBE-A1F1-487A-9F68-11331DB0D548}.Release|Any CPU.ActiveCfg = Release|Any CPU
		{054ACCBE-A1F1-487A-9F68-11331DB0D548}.Release|Any CPU.Build.0 = Release|Any CPU
		{C851B60A-F72E-49A6-8486-337BAD473EB9}.Debug|Any CPU.ActiveCfg = Debug|Any CPU
		{C851B60A-F72E-49A6-8486-337BAD473EB9}.Debug|Any CPU.Build.0 = Debug|Any CPU
		{C851B60A-F72E-49A6-8486-337BAD473EB9}.Release|Any CPU.ActiveCfg = Release|Any CPU
		{C851B60A-F72E-49A6-8486-337BAD473EB9}.Release|Any CPU.Build.0 = Release|Any CPU
		{D161E069-5CEC-404E-8302-EE030AD3146A}.Debug|Any CPU.ActiveCfg = Debug|Any CPU
		{D161E069-5CEC-404E-8302-EE030AD3146A}.Debug|Any CPU.Build.0 = Debug|Any CPU
		{D161E069-5CEC-404E-8302-EE030AD3146A}.Release|Any CPU.ActiveCfg = Release|Any CPU
		{D161E069-5CEC-404E-8302-EE030AD3146A}.Release|Any CPU.Build.0 = Release|Any CPU
		{EB1197E3-AE31-40CE-A792-2168A01EA039}.Debug|Any CPU.ActiveCfg = Debug|Any CPU
		{EB1197E3-AE31-40CE-A792-2168A01EA039}.Debug|Any CPU.Build.0 = Debug|Any CPU
		{EB1197E3-AE31-40CE-A792-2168A01EA039}.Release|Any CPU.ActiveCfg = Release|Any CPU
		{EB1197E3-AE31-40CE-A792-2168A01EA039}.Release|Any CPU.Build.0 = Release|Any CPU
		{A3E30DC3-7930-4199-82E4-52874726DF34}.Debug|Any CPU.ActiveCfg = Debug|Any CPU
		{A3E30DC3-7930-4199-82E4-52874726DF34}.Debug|Any CPU.Build.0 = Debug|Any CPU
		{A3E30DC3-7930-4199-82E4-52874726DF34}.Release|Any CPU.ActiveCfg = Release|Any CPU
		{A3E30DC3-7930-4199-82E4-52874726DF34}.Release|Any CPU.Build.0 = Release|Any CPU
		{4885D49A-5F09-4659-828B-5F0F510D1138}.Debug|Any CPU.ActiveCfg = Debug|Any CPU
		{4885D49A-5F09-4659-828B-5F0F510D1138}.Debug|Any CPU.Build.0 = Debug|Any CPU
		{4885D49A-5F09-4659-828B-5F0F510D1138}.Release|Any CPU.ActiveCfg = Release|Any CPU
		{4885D49A-5F09-4659-828B-5F0F510D1138}.Release|Any CPU.Build.0 = Release|Any CPU
		{2FE74C3B-2D37-4AC6-8227-375587173F17}.Debug|Any CPU.ActiveCfg = Debug|Any CPU
		{2FE74C3B-2D37-4AC6-8227-375587173F17}.Debug|Any CPU.Build.0 = Debug|Any CPU
		{2FE74C3B-2D37-4AC6-8227-375587173F17}.Release|Any CPU.ActiveCfg = Release|Any CPU
		{2FE74C3B-2D37-4AC6-8227-375587173F17}.Release|Any CPU.Build.0 = Release|Any CPU
		{E2C9EED3-3B7B-4318-940C-A5C3812A5594}.Debug|Any CPU.ActiveCfg = Debug|Any CPU
		{E2C9EED3-3B7B-4318-940C-A5C3812A5594}.Debug|Any CPU.Build.0 = Debug|Any CPU
		{E2C9EED3-3B7B-4318-940C-A5C3812A5594}.Release|Any CPU.ActiveCfg = Release|Any CPU
		{E2C9EED3-3B7B-4318-940C-A5C3812A5594}.Release|Any CPU.Build.0 = Release|Any CPU
		{3BA7349B-3D8D-4090-8C75-CFC420670EE4}.Debug|Any CPU.ActiveCfg = Debug|Any CPU
		{3BA7349B-3D8D-4090-8C75-CFC420670EE4}.Debug|Any CPU.Build.0 = Debug|Any CPU
		{3BA7349B-3D8D-4090-8C75-CFC420670EE4}.Release|Any CPU.ActiveCfg = Release|Any CPU
		{3BA7349B-3D8D-4090-8C75-CFC420670EE4}.Release|Any CPU.Build.0 = Release|Any CPU
		{355605A7-76F2-44FC-A358-9E0BB961751A}.Debug|Any CPU.ActiveCfg = Debug|Any CPU
		{355605A7-76F2-44FC-A358-9E0BB961751A}.Debug|Any CPU.Build.0 = Debug|Any CPU
		{355605A7-76F2-44FC-A358-9E0BB961751A}.Release|Any CPU.ActiveCfg = Release|Any CPU
		{355605A7-76F2-44FC-A358-9E0BB961751A}.Release|Any CPU.Build.0 = Release|Any CPU
		{9F12E74E-E87E-48F6-9BD3-2D34CE3094CD}.Debug|Any CPU.ActiveCfg = Debug|Any CPU
		{9F12E74E-E87E-48F6-9BD3-2D34CE3094CD}.Debug|Any CPU.Build.0 = Debug|Any CPU
		{9F12E74E-E87E-48F6-9BD3-2D34CE3094CD}.Release|Any CPU.ActiveCfg = Release|Any CPU
		{9F12E74E-E87E-48F6-9BD3-2D34CE3094CD}.Release|Any CPU.Build.0 = Release|Any CPU
		{FC129F59-6971-4BD8-8DFE-F9209ABCF690}.Debug|Any CPU.ActiveCfg = Debug|Any CPU
		{FC129F59-6971-4BD8-8DFE-F9209ABCF690}.Debug|Any CPU.Build.0 = Debug|Any CPU
		{FC129F59-6971-4BD8-8DFE-F9209ABCF690}.Release|Any CPU.ActiveCfg = Release|Any CPU
		{FC129F59-6971-4BD8-8DFE-F9209ABCF690}.Release|Any CPU.Build.0 = Release|Any CPU
		{432C806A-1425-4DB6-A466-D73FDE6E4F22}.Debug|Any CPU.ActiveCfg = Debug|Any CPU
		{432C806A-1425-4DB6-A466-D73FDE6E4F22}.Debug|Any CPU.Build.0 = Debug|Any CPU
		{432C806A-1425-4DB6-A466-D73FDE6E4F22}.Release|Any CPU.ActiveCfg = Release|Any CPU
		{432C806A-1425-4DB6-A466-D73FDE6E4F22}.Release|Any CPU.Build.0 = Release|Any CPU
		{B76FFC44-F736-4334-B440-10D04C87F37C}.Debug|Any CPU.ActiveCfg = Debug|Any CPU
		{B76FFC44-F736-4334-B440-10D04C87F37C}.Debug|Any CPU.Build.0 = Debug|Any CPU
		{B76FFC44-F736-4334-B440-10D04C87F37C}.Release|Any CPU.ActiveCfg = Release|Any CPU
		{B76FFC44-F736-4334-B440-10D04C87F37C}.Release|Any CPU.Build.0 = Release|Any CPU
		{304741BF-4202-49C9-A038-736410D46F14}.Debug|Any CPU.ActiveCfg = Debug|Any CPU
		{304741BF-4202-49C9-A038-736410D46F14}.Debug|Any CPU.Build.0 = Debug|Any CPU
		{304741BF-4202-49C9-A038-736410D46F14}.Release|Any CPU.ActiveCfg = Release|Any CPU
		{304741BF-4202-49C9-A038-736410D46F14}.Release|Any CPU.Build.0 = Release|Any CPU
		{B3258117-654A-4EC7-938A-497DA4F84D69}.Debug|Any CPU.ActiveCfg = Debug|Any CPU
		{B3258117-654A-4EC7-938A-497DA4F84D69}.Debug|Any CPU.Build.0 = Debug|Any CPU
		{B3258117-654A-4EC7-938A-497DA4F84D69}.Release|Any CPU.ActiveCfg = Release|Any CPU
		{B3258117-654A-4EC7-938A-497DA4F84D69}.Release|Any CPU.Build.0 = Release|Any CPU
		{0FE6B242-8662-4090-92C6-066235132D0F}.Debug|Any CPU.ActiveCfg = Debug|Any CPU
		{0FE6B242-8662-4090-92C6-066235132D0F}.Debug|Any CPU.Build.0 = Debug|Any CPU
		{0FE6B242-8662-4090-92C6-066235132D0F}.Release|Any CPU.ActiveCfg = Release|Any CPU
		{0FE6B242-8662-4090-92C6-066235132D0F}.Release|Any CPU.Build.0 = Release|Any CPU
	EndGlobalSection
	GlobalSection(SolutionProperties) = preSolution
		HideSolutionNode = FALSE
	EndGlobalSection
	GlobalSection(NestedProjects) = preSolution
		{EB147F87-16A0-47DC-BACD-114213B9FB49} = {0CC71DD3-22E5-4DEE-AD65-23468526DC21}
		{133B2059-EA46-4251-81BB-5EDC2B3FDEA4} = {BD3ECDCC-B9D3-4C9E-AC30-B1913FAC17AB}
		{0003E5BC-ED31-4515-B5A1-028639A46222} = {BD3ECDCC-B9D3-4C9E-AC30-B1913FAC17AB}
		{20C9B15C-DDAE-4482-B6AF-D0B95224BCFD} = {BD3ECDCC-B9D3-4C9E-AC30-B1913FAC17AB}
		{CD4D1DD9-7635-4DFB-B1B7-960A2074EB92} = {BD3ECDCC-B9D3-4C9E-AC30-B1913FAC17AB}
		{054ACCBE-A1F1-487A-9F68-11331DB0D548} = {BD3ECDCC-B9D3-4C9E-AC30-B1913FAC17AB}
		{C851B60A-F72E-49A6-8486-337BAD473EB9} = {BD3ECDCC-B9D3-4C9E-AC30-B1913FAC17AB}
		{D161E069-5CEC-404E-8302-EE030AD3146A} = {BD3ECDCC-B9D3-4C9E-AC30-B1913FAC17AB}
		{EB1197E3-AE31-40CE-A792-2168A01EA039} = {BD3ECDCC-B9D3-4C9E-AC30-B1913FAC17AB}
		{A3E30DC3-7930-4199-82E4-52874726DF34} = {BD3ECDCC-B9D3-4C9E-AC30-B1913FAC17AB}
		{4885D49A-5F09-4659-828B-5F0F510D1138} = {BD3ECDCC-B9D3-4C9E-AC30-B1913FAC17AB}
		{2FE74C3B-2D37-4AC6-8227-375587173F17} = {BD3ECDCC-B9D3-4C9E-AC30-B1913FAC17AB}
		{E2C9EED3-3B7B-4318-940C-A5C3812A5594} = {BD3ECDCC-B9D3-4C9E-AC30-B1913FAC17AB}
		{3BA7349B-3D8D-4090-8C75-CFC420670EE4} = {BD3ECDCC-B9D3-4C9E-AC30-B1913FAC17AB}
		{355605A7-76F2-44FC-A358-9E0BB961751A} = {BD3ECDCC-B9D3-4C9E-AC30-B1913FAC17AB}
		{9F12E74E-E87E-48F6-9BD3-2D34CE3094CD} = {BD3ECDCC-B9D3-4C9E-AC30-B1913FAC17AB}
		{FC129F59-6971-4BD8-8DFE-F9209ABCF690} = {BD3ECDCC-B9D3-4C9E-AC30-B1913FAC17AB}
		{432C806A-1425-4DB6-A466-D73FDE6E4F22} = {BD3ECDCC-B9D3-4C9E-AC30-B1913FAC17AB}
		{B76FFC44-F736-4334-B440-10D04C87F37C} = {BD3ECDCC-B9D3-4C9E-AC30-B1913FAC17AB}
		{304741BF-4202-49C9-A038-736410D46F14} = {BD3ECDCC-B9D3-4C9E-AC30-B1913FAC17AB}
		{B3258117-654A-4EC7-938A-497DA4F84D69} = {BD3ECDCC-B9D3-4C9E-AC30-B1913FAC17AB}
		{0FE6B242-8662-4090-92C6-066235132D0F} = {BD3ECDCC-B9D3-4C9E-AC30-B1913FAC17AB}
	EndGlobalSection
	GlobalSection(ExtensibilityGlobals) = postSolution
		SolutionGuid = {CD5A5F07-6B79-43D5-B6BB-1C3783A51CDB}
	EndGlobalSection
EndGlobal
