
Microsoft Visual Studio Solution File, Format Version 12.00
# Visual Studio Version 16
VisualStudioVersion = 16.0.30804.86
MinimumVisualStudioVersion = 10.0.40219.1
Project("{FAE04EC0-301F-11D3-BF4B-00C04F79EFBC}") = "Snippet01", "Snippet01\Snippet01.csproj", "{164E4456-B97D-4592-87E4-71371F73FE3E}"
EndProject
Project("{FAE04EC0-301F-11D3-BF4B-00C04F79EFBC}") = "Snippet02", "Snippet02\Snippet02.csproj", "{6311B6D5-6456-468A-8F1E-CCDE21657EDA}"
EndProject
Project("{FAE04EC0-301F-11D3-BF4B-00C04F79EFBC}") = "Snippet03", "Snippet03\Snippet03.csproj", "{D4BFAE79-4A0B-4F4F-A128-9660AEA93266}"
EndProject
Project("{FAE04EC0-301F-11D3-BF4B-00C04F79EFBC}") = "Snippet04", "Snippet04\Snippet04.csproj", "{2FBA651C-C970-4930-9935-C6C62D49A331}"
EndProject
Project("{FAE04EC0-301F-11D3-BF4B-00C04F79EFBC}") = "Snippet05", "Snippet05\Snippet05.csproj", "{FC479054-8F0B-430F-B2DD-DEE2A80514E2}"
EndProject
Project("{FAE04EC0-301F-11D3-BF4B-00C04F79EFBC}") = "Snippet06", "Snippet06\Snippet06.csproj", "{20F59C57-55AB-4968-A41D-C5B9B3FFD9AC}"
EndProject
Project("{FAE04EC0-301F-11D3-BF4B-00C04F79EFBC}") = "Snippet07", "Snippet07\Snippet07.csproj", "{2298C703-38B5-4F57-9156-A05A111C2BB2}"
EndProject
Project("{FAE04EC0-301F-11D3-BF4B-00C04F79EFBC}") = "Snippet08", "Snippet08\Snippet08.csproj", "{2939C9D6-C68F-4FDB-8C46-F3AEE2EF5F11}"
EndProject
Project("{FAE04EC0-301F-11D3-BF4B-00C04F79EFBC}") = "Snippet09", "Snippet09\Snippet09.csproj", "{35C1F88E-DA29-4601-9044-8E9537FE0470}"
EndProject
Project("{FAE04EC0-301F-11D3-BF4B-00C04F79EFBC}") = "Snippet10", "Snippet10\Snippet10.csproj", "{234C5B64-5941-4151-BABE-6FCD9809D97F}"
EndProject
Project("{FAE04EC0-301F-11D3-BF4B-00C04F79EFBC}") = "Snippet11", "Snippet11\Snippet11.csproj", "{9B0B041B-9A5F-43F0-A271-3BB8B832EBBE}"
EndProject
Project("{FAE04EC0-301F-11D3-BF4B-00C04F79EFBC}") = "Snippet12", "Snippet12\Snippet12.csproj", "{8DA0204E-0CB8-4A45-A7A2-ABF2A7C920A2}"
EndProject
Project("{FAE04EC0-301F-11D3-BF4B-00C04F79EFBC}") = "Snippet13", "Snippet13\Snippet13.csproj", "{C252991D-7A79-4CEB-9B78-4ABFE9CB2963}"
EndProject
Project("{FAE04EC0-301F-11D3-BF4B-00C04F79EFBC}") = "Snippet14", "Snippet14\Snippet14.csproj", "{43375EC0-8DF1-4E3C-88FA-B1F246C428B5}"
EndProject
Project("{FAE04EC0-301F-11D3-BF4B-00C04F79EFBC}") = "Snippet15", "Snippet15\Snippet15.csproj", "{57637473-C84E-4010-A61B-F07DEEFC4F4B}"
EndProject
Project("{FAE04EC0-301F-11D3-BF4B-00C04F79EFBC}") = "Snippet16", "Snippet16\Snippet16.csproj", "{609906D8-E91A-4025-B634-B31BA7D201E9}"
EndProject
Project("{FAE04EC0-301F-11D3-BF4B-00C04F79EFBC}") = "Snippet17", "Snippet17\Snippet17.csproj", "{4814920F-6A2F-4F33-B9A0-18747EAF8D2A}"
EndProject
Project("{FAE04EC0-301F-11D3-BF4B-00C04F79EFBC}") = "Snippet18", "Snippet18\Snippet18.csproj", "{2AD9600B-2877-4130-86B1-AA59329E7221}"
EndProject
Project("{FAE04EC0-301F-11D3-BF4B-00C04F79EFBC}") = "Snippet19", "Snippet19\Snippet19.csproj", "{CC3A19DC-7079-44A0-BF3E-399A66EFDF82}"
EndProject
Project("{FAE04EC0-301F-11D3-BF4B-00C04F79EFBC}") = "Snippet20", "Snippet20\Snippet20.csproj", "{288F41FC-B180-4035-AEA2-728539773FAC}"
EndProject
Project("{FAE04EC0-301F-11D3-BF4B-00C04F79EFBC}") = "Snippet21", "Snippet21\Snippet21.csproj", "{A9A5D91C-F7EE-4A5A-8395-4EA3832400B1}"
EndProject
Project("{FAE04EC0-301F-11D3-BF4B-00C04F79EFBC}") = "Snippet22", "Snippet22\Snippet22.csproj", "{41DA46DD-D3C2-4CE4-A332-6FD577D3F213}"
EndProject
Project("{FAE04EC0-301F-11D3-BF4B-00C04F79EFBC}") = "Snippet23", "Snippet23\Snippet23.csproj", "{AA866570-6BAF-4803-AA53-E99048579510}"
EndProject
Project("{FAE04EC0-301F-11D3-BF4B-00C04F79EFBC}") = "Snippet24", "Snippet24\Snippet24.csproj", "{A5840D8F-D067-4005-848C-D1FD90B9DB35}"
EndProject
Global
	GlobalSection(SolutionConfigurationPlatforms) = preSolution
		Debug|Any CPU = Debug|Any CPU
		Release|Any CPU = Release|Any CPU
	EndGlobalSection
	GlobalSection(ProjectConfigurationPlatforms) = postSolution
		{164E4456-B97D-4592-87E4-71371F73FE3E}.Debug|Any CPU.ActiveCfg = Debug|Any CPU
		{164E4456-B97D-4592-87E4-71371F73FE3E}.Debug|Any CPU.Build.0 = Debug|Any CPU
		{164E4456-B97D-4592-87E4-71371F73FE3E}.Release|Any CPU.ActiveCfg = Release|Any CPU
		{164E4456-B97D-4592-87E4-71371F73FE3E}.Release|Any CPU.Build.0 = Release|Any CPU
		{6311B6D5-6456-468A-8F1E-CCDE21657EDA}.Debug|Any CPU.ActiveCfg = Debug|Any CPU
		{6311B6D5-6456-468A-8F1E-CCDE21657EDA}.Debug|Any CPU.Build.0 = Debug|Any CPU
		{6311B6D5-6456-468A-8F1E-CCDE21657EDA}.Release|Any CPU.ActiveCfg = Release|Any CPU
		{6311B6D5-6456-468A-8F1E-CCDE21657EDA}.Release|Any CPU.Build.0 = Release|Any CPU
		{D4BFAE79-4A0B-4F4F-A128-9660AEA93266}.Debug|Any CPU.ActiveCfg = Debug|Any CPU
		{D4BFAE79-4A0B-4F4F-A128-9660AEA93266}.Debug|Any CPU.Build.0 = Debug|Any CPU
		{D4BFAE79-4A0B-4F4F-A128-9660AEA93266}.Release|Any CPU.ActiveCfg = Release|Any CPU
		{D4BFAE79-4A0B-4F4F-A128-9660AEA93266}.Release|Any CPU.Build.0 = Release|Any CPU
		{2FBA651C-C970-4930-9935-C6C62D49A331}.Debug|Any CPU.ActiveCfg = Debug|Any CPU
		{2FBA651C-C970-4930-9935-C6C62D49A331}.Debug|Any CPU.Build.0 = Debug|Any CPU
		{2FBA651C-C970-4930-9935-C6C62D49A331}.Release|Any CPU.ActiveCfg = Release|Any CPU
		{2FBA651C-C970-4930-9935-C6C62D49A331}.Release|Any CPU.Build.0 = Release|Any CPU
		{FC479054-8F0B-430F-B2DD-DEE2A80514E2}.Debug|Any CPU.ActiveCfg = Debug|Any CPU
		{FC479054-8F0B-430F-B2DD-DEE2A80514E2}.Debug|Any CPU.Build.0 = Debug|Any CPU
		{FC479054-8F0B-430F-B2DD-DEE2A80514E2}.Release|Any CPU.ActiveCfg = Release|Any CPU
		{FC479054-8F0B-430F-B2DD-DEE2A80514E2}.Release|Any CPU.Build.0 = Release|Any CPU
		{20F59C57-55AB-4968-A41D-C5B9B3FFD9AC}.Debug|Any CPU.ActiveCfg = Debug|Any CPU
		{20F59C57-55AB-4968-A41D-C5B9B3FFD9AC}.Debug|Any CPU.Build.0 = Debug|Any CPU
		{20F59C57-55AB-4968-A41D-C5B9B3FFD9AC}.Release|Any CPU.ActiveCfg = Release|Any CPU
		{20F59C57-55AB-4968-A41D-C5B9B3FFD9AC}.Release|Any CPU.Build.0 = Release|Any CPU
		{2298C703-38B5-4F57-9156-A05A111C2BB2}.Debug|Any CPU.ActiveCfg = Debug|Any CPU
		{2298C703-38B5-4F57-9156-A05A111C2BB2}.Debug|Any CPU.Build.0 = Debug|Any CPU
		{2298C703-38B5-4F57-9156-A05A111C2BB2}.Release|Any CPU.ActiveCfg = Release|Any CPU
		{2298C703-38B5-4F57-9156-A05A111C2BB2}.Release|Any CPU.Build.0 = Release|Any CPU
		{2939C9D6-C68F-4FDB-8C46-F3AEE2EF5F11}.Debug|Any CPU.ActiveCfg = Debug|Any CPU
		{2939C9D6-C68F-4FDB-8C46-F3AEE2EF5F11}.Debug|Any CPU.Build.0 = Debug|Any CPU
		{2939C9D6-C68F-4FDB-8C46-F3AEE2EF5F11}.Release|Any CPU.ActiveCfg = Release|Any CPU
		{2939C9D6-C68F-4FDB-8C46-F3AEE2EF5F11}.Release|Any CPU.Build.0 = Release|Any CPU
		{35C1F88E-DA29-4601-9044-8E9537FE0470}.Debug|Any CPU.ActiveCfg = Debug|Any CPU
		{35C1F88E-DA29-4601-9044-8E9537FE0470}.Debug|Any CPU.Build.0 = Debug|Any CPU
		{35C1F88E-DA29-4601-9044-8E9537FE0470}.Release|Any CPU.ActiveCfg = Release|Any CPU
		{35C1F88E-DA29-4601-9044-8E9537FE0470}.Release|Any CPU.Build.0 = Release|Any CPU
		{234C5B64-5941-4151-BABE-6FCD9809D97F}.Debug|Any CPU.ActiveCfg = Debug|Any CPU
		{234C5B64-5941-4151-BABE-6FCD9809D97F}.Debug|Any CPU.Build.0 = Debug|Any CPU
		{234C5B64-5941-4151-BABE-6FCD9809D97F}.Release|Any CPU.ActiveCfg = Release|Any CPU
		{234C5B64-5941-4151-BABE-6FCD9809D97F}.Release|Any CPU.Build.0 = Release|Any CPU
		{9B0B041B-9A5F-43F0-A271-3BB8B832EBBE}.Debug|Any CPU.ActiveCfg = Debug|Any CPU
		{9B0B041B-9A5F-43F0-A271-3BB8B832EBBE}.Debug|Any CPU.Build.0 = Debug|Any CPU
		{9B0B041B-9A5F-43F0-A271-3BB8B832EBBE}.Release|Any CPU.ActiveCfg = Release|Any CPU
		{9B0B041B-9A5F-43F0-A271-3BB8B832EBBE}.Release|Any CPU.Build.0 = Release|Any CPU
		{8DA0204E-0CB8-4A45-A7A2-ABF2A7C920A2}.Debug|Any CPU.ActiveCfg = Debug|Any CPU
		{8DA0204E-0CB8-4A45-A7A2-ABF2A7C920A2}.Debug|Any CPU.Build.0 = Debug|Any CPU
		{8DA0204E-0CB8-4A45-A7A2-ABF2A7C920A2}.Release|Any CPU.ActiveCfg = Release|Any CPU
		{8DA0204E-0CB8-4A45-A7A2-ABF2A7C920A2}.Release|Any CPU.Build.0 = Release|Any CPU
		{C252991D-7A79-4CEB-9B78-4ABFE9CB2963}.Debug|Any CPU.ActiveCfg = Debug|Any CPU
		{C252991D-7A79-4CEB-9B78-4ABFE9CB2963}.Debug|Any CPU.Build.0 = Debug|Any CPU
		{C252991D-7A79-4CEB-9B78-4ABFE9CB2963}.Release|Any CPU.ActiveCfg = Release|Any CPU
		{C252991D-7A79-4CEB-9B78-4ABFE9CB2963}.Release|Any CPU.Build.0 = Release|Any CPU
		{43375EC0-8DF1-4E3C-88FA-B1F246C428B5}.Debug|Any CPU.ActiveCfg = Debug|Any CPU
		{43375EC0-8DF1-4E3C-88FA-B1F246C428B5}.Debug|Any CPU.Build.0 = Debug|Any CPU
		{43375EC0-8DF1-4E3C-88FA-B1F246C428B5}.Release|Any CPU.ActiveCfg = Release|Any CPU
		{43375EC0-8DF1-4E3C-88FA-B1F246C428B5}.Release|Any CPU.Build.0 = Release|Any CPU
		{57637473-C84E-4010-A61B-F07DEEFC4F4B}.Debug|Any CPU.ActiveCfg = Debug|Any CPU
		{57637473-C84E-4010-A61B-F07DEEFC4F4B}.Debug|Any CPU.Build.0 = Debug|Any CPU
		{57637473-C84E-4010-A61B-F07DEEFC4F4B}.Release|Any CPU.ActiveCfg = Release|Any CPU
		{57637473-C84E-4010-A61B-F07DEEFC4F4B}.Release|Any CPU.Build.0 = Release|Any CPU
		{609906D8-E91A-4025-B634-B31BA7D201E9}.Debug|Any CPU.ActiveCfg = Debug|Any CPU
		{609906D8-E91A-4025-B634-B31BA7D201E9}.Debug|Any CPU.Build.0 = Debug|Any CPU
		{609906D8-E91A-4025-B634-B31BA7D201E9}.Release|Any CPU.ActiveCfg = Release|Any CPU
		{609906D8-E91A-4025-B634-B31BA7D201E9}.Release|Any CPU.Build.0 = Release|Any CPU
		{4814920F-6A2F-4F33-B9A0-18747EAF8D2A}.Debug|Any CPU.ActiveCfg = Debug|Any CPU
		{4814920F-6A2F-4F33-B9A0-18747EAF8D2A}.Debug|Any CPU.Build.0 = Debug|Any CPU
		{4814920F-6A2F-4F33-B9A0-18747EAF8D2A}.Release|Any CPU.ActiveCfg = Release|Any CPU
		{4814920F-6A2F-4F33-B9A0-18747EAF8D2A}.Release|Any CPU.Build.0 = Release|Any CPU
		{2AD9600B-2877-4130-86B1-AA59329E7221}.Debug|Any CPU.ActiveCfg = Debug|Any CPU
		{2AD9600B-2877-4130-86B1-AA59329E7221}.Debug|Any CPU.Build.0 = Debug|Any CPU
		{2AD9600B-2877-4130-86B1-AA59329E7221}.Release|Any CPU.ActiveCfg = Release|Any CPU
		{2AD9600B-2877-4130-86B1-AA59329E7221}.Release|Any CPU.Build.0 = Release|Any CPU
		{CC3A19DC-7079-44A0-BF3E-399A66EFDF82}.Debug|Any CPU.ActiveCfg = Debug|Any CPU
		{CC3A19DC-7079-44A0-BF3E-399A66EFDF82}.Debug|Any CPU.Build.0 = Debug|Any CPU
		{CC3A19DC-7079-44A0-BF3E-399A66EFDF82}.Release|Any CPU.ActiveCfg = Release|Any CPU
		{CC3A19DC-7079-44A0-BF3E-399A66EFDF82}.Release|Any CPU.Build.0 = Release|Any CPU
		{288F41FC-B180-4035-AEA2-728539773FAC}.Debug|Any CPU.ActiveCfg = Debug|Any CPU
		{288F41FC-B180-4035-AEA2-728539773FAC}.Debug|Any CPU.Build.0 = Debug|Any CPU
		{288F41FC-B180-4035-AEA2-728539773FAC}.Release|Any CPU.ActiveCfg = Release|Any CPU
		{288F41FC-B180-4035-AEA2-728539773FAC}.Release|Any CPU.Build.0 = Release|Any CPU
		{A9A5D91C-F7EE-4A5A-8395-4EA3832400B1}.Debug|Any CPU.ActiveCfg = Debug|Any CPU
		{A9A5D91C-F7EE-4A5A-8395-4EA3832400B1}.Debug|Any CPU.Build.0 = Debug|Any CPU
		{A9A5D91C-F7EE-4A5A-8395-4EA3832400B1}.Release|Any CPU.ActiveCfg = Release|Any CPU
		{A9A5D91C-F7EE-4A5A-8395-4EA3832400B1}.Release|Any CPU.Build.0 = Release|Any CPU
		{41DA46DD-D3C2-4CE4-A332-6FD577D3F213}.Debug|Any CPU.ActiveCfg = Debug|Any CPU
		{41DA46DD-D3C2-4CE4-A332-6FD577D3F213}.Debug|Any CPU.Build.0 = Debug|Any CPU
		{41DA46DD-D3C2-4CE4-A332-6FD577D3F213}.Release|Any CPU.ActiveCfg = Release|Any CPU
		{41DA46DD-D3C2-4CE4-A332-6FD577D3F213}.Release|Any CPU.Build.0 = Release|Any CPU
		{AA866570-6BAF-4803-AA53-E99048579510}.Debug|Any CPU.ActiveCfg = Debug|Any CPU
		{AA866570-6BAF-4803-AA53-E99048579510}.Debug|Any CPU.Build.0 = Debug|Any CPU
		{AA866570-6BAF-4803-AA53-E99048579510}.Release|Any CPU.ActiveCfg = Release|Any CPU
		{AA866570-6BAF-4803-AA53-E99048579510}.Release|Any CPU.Build.0 = Release|Any CPU
		{A5840D8F-D067-4005-848C-D1FD90B9DB35}.Debug|Any CPU.ActiveCfg = Debug|Any CPU
		{A5840D8F-D067-4005-848C-D1FD90B9DB35}.Debug|Any CPU.Build.0 = Debug|Any CPU
		{A5840D8F-D067-4005-848C-D1FD90B9DB35}.Release|Any CPU.ActiveCfg = Release|Any CPU
		{A5840D8F-D067-4005-848C-D1FD90B9DB35}.Release|Any CPU.Build.0 = Release|Any CPU
	EndGlobalSection
	GlobalSection(SolutionProperties) = preSolution
		HideSolutionNode = FALSE
	EndGlobalSection
	GlobalSection(ExtensibilityGlobals) = postSolution
		SolutionGuid = {1AC3A966-33AC-4E83-BD85-F208DA255AA7}
	EndGlobalSection
EndGlobal
